// !$*UTF8*$!
{
	archiveVersion = 1;
	classes = {
	};
	objectVersion = 50;
	objects = {

/* Begin PBXBuildFile section */
		C82B7BF5216CFD0D0040F3ED /* AppDelegate.swift in Sources */ = {isa = PBXBuildFile; fileRef = C82B7BF4216CFD0D0040F3ED /* AppDelegate.swift */; };
		C82B7BF7216CFD0D0040F3ED /* ViewController.swift in Sources */ = {isa = PBXBuildFile; fileRef = C82B7BF6216CFD0D0040F3ED /* ViewController.swift */; };
		C82B7BFA216CFD0D0040F3ED /* Main.storyboard in Resources */ = {isa = PBXBuildFile; fileRef = C82B7BF8216CFD0D0040F3ED /* Main.storyboard */; };
		C82B7BFC216CFD0E0040F3ED /* Assets.xcassets in Resources */ = {isa = PBXBuildFile; fileRef = C82B7BFB216CFD0E0040F3ED /* Assets.xcassets */; };
		C82B7BFF216CFD0E0040F3ED /* LaunchScreen.storyboard in Resources */ = {isa = PBXBuildFile; fileRef = C82B7BFD216CFD0E0040F3ED /* LaunchScreen.storyboard */; };
		C89B8AE1216E581100B1FA40 /* Game.swift in Sources */ = {isa = PBXBuildFile; fileRef = C89B8AE0216E581100B1FA40 /* Game.swift */; };
/* End PBXBuildFile section */

/* Begin PBXFileReference section */
		C82B7BF1216CFD0D0040F3ED /* guessToWin.app */ = {isa = PBXFileReference; explicitFileType = wrapper.application; includeInIndex = 0; path = guessToWin.app; sourceTree = BUILT_PRODUCTS_DIR; };
		C82B7BF4216CFD0D0040F3ED /* AppDelegate.swift */ = {isa = PBXFileReference; lastKnownFileType = sourcecode.swift; path = AppDelegate.swift; sourceTree = "<group>"; };
		C82B7BF6216CFD0D0040F3ED /* ViewController.swift */ = {isa = PBXFileReference; lastKnownFileType = sourcecode.swift; path = ViewController.swift; sourceTree = "<group>"; };
		C82B7BF9216CFD0D0040F3ED /* Base */ = {isa = PBXFileReference; lastKnownFileType = file.storyboard; name = Base; path = Base.lproj/Main.storyboard; sourceTree = "<group>"; };
		C82B7BFB216CFD0E0040F3ED /* Assets.xcassets */ = {isa = PBXFileReference; lastKnownFileType = folder.assetcatalog; path = Assets.xcassets; sourceTree = "<group>"; };
		C82B7BFE216CFD0E0040F3ED /* Base */ = {isa = PBXFileReference; lastKnownFileType = file.storyboard; name = Base; path = Base.lproj/LaunchScreen.storyboard; sourceTree = "<group>"; };
		C82B7C00216CFD0E0040F3ED /* Info.plist */ = {isa = PBXFileReference; lastKnownFileType = text.plist.xml; path = Info.plist; sourceTree = "<group>"; };
		C89B8AE0216E581100B1FA40 /* Game.swift */ = {isa = PBXFileReference; lastKnownFileType = sourcecode.swift; path = Game.swift; sourceTree = "<group>"; };
/* End PBXFileReference section */

/* Begin PBXFrameworksBuildPhase section */
		C82B7BEE216CFD0D0040F3ED /* Frameworks */ = {
			isa = PBXFrameworksBuildPhase;
			buildActionMask = 2147483647;
			files = (
			);
			runOnlyForDeploymentPostprocessing = 0;
		};
/* End PBXFrameworksBuildPhase section */

/* Begin PBXGroup section */
		C82B7BE8216CFD0D0040F3ED = {
			isa = PBXGroup;
			children = (
				C82B7BF3216CFD0D0040F3ED /* guessToWin */,
				C82B7BF2216CFD0D0040F3ED /* Products */,
			);
			sourceTree = "<group>";
		};
		C82B7BF2216CFD0D0040F3ED /* Products */ = {
			isa = PBXGroup;
			children = (
				C82B7BF1216CFD0D0040F3ED /* guessToWin.app */,
			);
			name = Products;
			sourceTree = "<group>";
		};
		C82B7BF3216CFD0D0040F3ED /* guessToWin */ = {
			isa = PBXGroup;
			children = (
				C82B7BF4216CFD0D0040F3ED /* AppDelegate.swift */,
				C82B7BF6216CFD0D0040F3ED /* ViewController.swift */,
				C89B8AE0216E581100B1FA40 /* Game.swift */,
				C82B7BF8216CFD0D0040F3ED /* Main.storyboard */,
				C82B7BFB216CFD0E0040F3ED /* Assets.xcassets */,
				C82B7BFD216CFD0E0040F3ED /* LaunchScreen.storyboard */,
				C82B7C00216CFD0E0040F3ED /* Info.plist */,
			);
			path = guessToWin;
			sourceTree = "<group>";
		};
/* End PBXGroup section */

/* Begin PBXNativeTarget section */
		C82B7BF0216CFD0D0040F3ED /* guessToWin */ = {
			isa = PBXNativeTarget;
			buildConfigurationList = C82B7C03216CFD0E0040F3ED /* Build configuration list for PBXNativeTarget "guessToWin" */;
			buildPhases = (
				C82B7BED216CFD0D0040F3ED /* Sources */,
				C82B7BEE216CFD0D0040F3ED /* Frameworks */,
				C82B7BEF216CFD0D0040F3ED /* Resources */,
			);
			buildRules = (
			);
			dependencies = (
			);
			name = guessToWin;
			productName = guessToWin;
			productReference = C82B7BF1216CFD0D0040F3ED /* guessToWin.app */;
			productType = "com.apple.product-type.application";
		};
/* End PBXNativeTarget section */

/* Begin PBXProject section */
		C82B7BE9216CFD0D0040F3ED /* Project object */ = {
			isa = PBXProject;
			attributes = {
				LastSwiftUpdateCheck = 1000;
				LastUpgradeCheck = 1000;
				ORGANIZATIONNAME = "Aaron Fisher";
				TargetAttributes = {
					C82B7BF0216CFD0D0040F3ED = {
						CreatedOnToolsVersion = 10.0;
					};
				};
			};
			buildConfigurationList = C82B7BEC216CFD0D0040F3ED /* Build configuration list for PBXProject "guessToWin" */;
			compatibilityVersion = "Xcode 9.3";
			developmentRegion = en;
			hasScannedForEncodings = 0;
			knownRegions = (
				en,
				Base,
			);
			mainGroup = C82B7BE8216CFD0D0040F3ED;
			productRefGroup = C82B7BF2216CFD0D0040F3ED /* Products */;
			projectDirPath = "";
			projectRoot = "";
			targets = (
				C82B7BF0216CFD0D0040F3ED /* guessToWin */,
			);
		};
/* End PBXProject section */

/* Begin PBXResourcesBuildPhase section */
		C82B7BEF216CFD0D0040F3ED /* Resources */ = {
			isa = PBXResourcesBuildPhase;
			buildActionMask = 2147483647;
			files = (
				C82B7BFF216CFD0E0040F3ED /* LaunchScreen.storyboard in Resources */,
				C82B7BFC216CFD0E0040F3ED /* Assets.xcassets in Resources */,
				C82B7BFA216CFD0D0040F3ED /* Main.storyboard in Resources */,
			);
			runOnlyForDeploymentPostprocessing = 0;
		};
/* End PBXResourcesBuildPhase section */

/* Begin PBXSourcesBuildPhase section */
		C82B7BED216CFD0D0040F3ED /* Sources */ = {
			isa = PBXSourcesBuildPhase;
			buildActionMask = 2147483647;
			files = (
				C82B7BF7216CFD0D0040F3ED /* ViewController.swift in Sources */,
				C89B8AE1216E581100B1FA40 /* Game.swift in Sources */,
				C82B7BF5216CFD0D0040F3ED /* AppDelegate.swift in Sources */,
			);
			runOnlyForDeploymentPostprocessing = 0;
		};
/* End PBXSourcesBuildPhase section */

/* Begin PBXVariantGroup section */
		C82B7BF8216CFD0D0040F3ED /* Main.storyboard */ = {
			isa = PBXVariantGroup;
			children = (
				C82B7BF9216CFD0D0040F3ED /* Base */,
			);
			name = Main.storyboard;
			sourceTree = "<group>";
		};
		C82B7BFD216CFD0E0040F3ED /* LaunchScreen.storyboard */ = {
			isa = PBXVariantGroup;
			children = (
				C82B7BFE216CFD0E0040F3ED /* Base */,
			);
			name = LaunchScreen.storyboard;
			sourceTree = "<group>";
		};
/* End PBXVariantGroup section */

/* Begin XCBuildConfiguration section */
		C82B7C01216CFD0E0040F3ED /* Debug */ = {
			isa = XCBuildConfiguration;
			buildSettings = {
				ALWAYS_SEARCH_USER_PATHS = NO;
				CLANG_ANALYZER_NONNULL = YES;
				CLANG_ANALYZER_NUMBER_OBJECT_CONVERSION = YES_AGGRESSIVE;
				CLANG_CXX_LANGUAGE_STANDARD = "gnu++14";
				CLANG_CXX_LIBRARY = "libc++";
				CLANG_ENABLE_MODULES = YES;
				CLANG_ENABLE_OBJC_ARC = YES;
				CLANG_ENABLE_OBJC_WEAK = YES;
				CLANG_WARN_BLOCK_CAPTURE_AUTORELEASING = YES;
				CLANG_WARN_BOOL_CONVERSION = YES;
				CLANG_WARN_COMMA = YES;
				CLANG_WARN_CONSTANT_CONVERSION = YES;
				CLANG_WARN_DEPRECATED_OBJC_IMPLEMENTATIONS = YES;
				CLANG_WARN_DIRECT_OBJC_ISA_USAGE = YES_ERROR;
				CLANG_WARN_DOCUMENTATION_COMMENTS = YES;
				CLANG_WARN_EMPTY_BODY = YES;
				CLANG_WARN_ENUM_CONVERSION = YES;
				CLANG_WARN_INFINITE_RECURSION = YES;
				CLANG_WARN_INT_CONVERSION = YES;
				CLANG_WARN_NON_LITERAL_NULL_CONVERSION = YES;
				CLANG_WARN_OBJC_IMPLICIT_RETAIN_SELF = YES;
				CLANG_WARN_OBJC_LITERAL_CONVERSION = YES;
				CLANG_WARN_OBJC_ROOT_CLASS = YES_ERROR;
				CLANG_WARN_RANGE_LOOP_ANALYSIS = YES;
				CLANG_WARN_STRICT_PROTOTYPES = YES;
				CLANG_WARN_SUSPICIOUS_MOVE = YES;
				CLANG_WARN_UNGUARDED_AVAILABILITY = YES_AGGRESSIVE;
				CLANG_WARN_UNREACHABLE_CODE = YES;
				CLANG_WARN__DUPLICATE_METHOD_MATCH = YES;
				CODE_SIGN_IDENTITY = "iPhone Developer";
				COPY_PHASE_STRIP = NO;
				DEBUG_INFORMATION_FORMAT = dwarf;
				ENABLE_STRICT_OBJC_MSGSEND = YES;
				ENABLE_TESTABILITY = YES;
				GCC_C_LANGUAGE_STANDARD = gnu11;
				GCC_DYNAMIC_NO_PIC = NO;
				GCC_NO_COMMON_BLOCKS = YES;
				GCC_OPTIMIZATION_LEVEL = 0;
				GCC_PREPROCESSOR_DEFINITIONS = (
					"DEBUG=1",
					"$(inherited)",
				);
				GCC_WARN_64_TO_32_BIT_CONVERSION = YES;
				GCC_WARN_ABOUT_RETURN_TYPE = YES_ERROR;
				GCC_WARN_UNDECLARED_SELECTOR = YES;
				GCC_WARN_UNINITIALIZED_AUTOS = YES_AGGRESSIVE;
				GCC_WARN_UNUSED_FUNCTION = YES;
				GCC_WARN_UNUSED_VARIABLE = YES;
				IPHONEOS_DEPLOYMENT_TARGET = 12.0;
				MTL_ENABLE_DEBUG_INFO = INCLUDE_SOURCE;
				MTL_FAST_MATH = YES;
				ONLY_ACTIVE_ARCH = YES;
				SDKROOT = iphoneos;
				SWIFT_ACTIVE_COMPILATION_CONDITIONS = DEBUG;
				SWIFT_OPTIMIZATION_LEVEL = "-Onone";
			};
			name = Debug;
		};
		C82B7C02216CFD0E0040F3ED /* Release */ = {
			isa = XCBuildConfiguration;
			buildSettings = {
				ALWAYS_SEARCH_USER_PATHS = NO;
				CLANG_ANALYZER_NONNULL = YES;
				CLANG_ANALYZER_NUMBER_OBJECT_CONVERSION = YES_AGGRESSIVE;
				CLANG_CXX_LANGUAGE_STANDARD = "gnu++14";
				CLANG_CXX_LIBRARY = "libc++";
				CLANG_ENABLE_MODULES = YES;
				CLANG_ENABLE_OBJC_ARC = YES;
				CLANG_ENABLE_OBJC_WEAK = YES;
				CLANG_WARN_BLOCK_CAPTURE_AUTORELEASING = YES;
				CLANG_WARN_BOOL_CONVERSION = YES;
				CLANG_WARN_COMMA = YES;
				CLANG_WARN_CONSTANT_CONVERSION = YES;
				CLANG_WARN_DEPRECATED_OBJC_IMPLEMENTATIONS = YES;
				CLANG_WARN_DIRECT_OBJC_ISA_USAGE = YES_ERROR;
				CLANG_WARN_DOCUMENTATION_COMMENTS = YES;
				CLANG_WARN_EMPTY_BODY = YES;
				CLANG_WARN_ENUM_CONVERSION = YES;
				CLANG_WARN_INFINITE_RECURSION = YES;
				CLANG_WARN_INT_CONVERSION = YES;
				CLANG_WARN_NON_LITERAL_NULL_CONVERSION = YES;
				CLANG_WARN_OBJC_IMPLICIT_RETAIN_SELF = YES;
				CLANG_WARN_OBJC_LITERAL_CONVERSION = YES;
				CLANG_WARN_OBJC_ROOT_CLASS = YES_ERROR;
				CLANG_WARN_RANGE_LOOP_ANALYSIS = YES;
				CLANG_WARN_STRICT_PROTOTYPES = YES;
				CLANG_WARN_SUSPICIOUS_MOVE = YES;
				CLANG_WARN_UNGUARDED_AVAILABILITY = YES_AGGRESSIVE;
				CLANG_WARN_UNREACHABLE_CODE = YES;
				CLANG_WARN__DUPLICATE_METHOD_MATCH = YES;
				CODE_SIGN_IDENTITY = "iPhone Developer";
				COPY_PHASE_STRIP = NO;
				DEBUG_INFORMATION_FORMAT = "dwarf-with-dsym";
				ENABLE_NS_ASSERTIONS = NO;
				ENABLE_STRICT_OBJC_MSGSEND = YES;
				GCC_C_LANGUAGE_STANDARD = gnu11;
				GCC_NO_COMMON_BLOCKS = YES;
				GCC_WARN_64_TO_32_BIT_CONVERSION = YES;
				GCC_WARN_ABOUT_RETURN_TYPE = YES_ERROR;
				GCC_WARN_UNDECLARED_SELECTOR = YES;
				GCC_WARN_UNINITIALIZED_AUTOS = YES_AGGRESSIVE;
				GCC_WARN_UNUSED_FUNCTION = YES;
				GCC_WARN_UNUSED_VARIABLE = YES;
				IPHONEOS_DEPLOYMENT_TARGET = 12.0;
				MTL_ENABLE_DEBUG_INFO = NO;
				MTL_FAST_MATH = YES;
				SDKROOT = iphoneos;
				SWIFT_COMPILATION_MODE = wholemodule;
				SWIFT_OPTIMIZATION_LEVEL = "-O";
				VALIDATE_PRODUCT = YES;
			};
			name = Release;
		};
		C82B7C04216CFD0E0040F3ED /* Debug */ = {
			isa = XCBuildConfiguration;
			buildSettings = {
				ASSETCATALOG_COMPILER_APPICON_NAME = AppIcon;
				CODE_SIGN_STYLE = Automatic;
				DEVELOPMENT_TEAM = "";
				INFOPLIST_FILE = guessToWin/Info.plist;
				LD_RUNPATH_SEARCH_PATHS = (
					"$(inherited)",
					"@executable_path/Frameworks",
				);
				PRODUCT_BUNDLE_IDENTIFIER = com.AaronFisher.guessToWin;
				PRODUCT_NAME = "$(TARGET_NAME)";
				SWIFT_VERSION = 4.2;
				TARGETED_DEVICE_FAMILY = "1,2";
			};
			name = Debug;
		};
		C82B7C05216CFD0E0040F3ED /* Release */ = {
			isa = XCBuildConfiguration;
			buildSettings = {
				ASSETCATALOG_COMPILER_APPICON_NAME = AppIcon;
				CODE_SIGN_STYLE = Automatic;
				DEVELOPMENT_TEAM = "";
				INFOPLIST_FILE = guessToWin/Info.plist;
				LD_RUNPATH_SEARCH_PATHS = (
					"$(inherited)",
					"@executable_path/Frameworks",
				);
				PRODUCT_BUNDLE_IDENTIFIER = com.AaronFisher.guessToWin;
				PRODUCT_NAME = "$(TARGET_NAME)";
				SWIFT_VERSION = 4.2;
				TARGETED_DEVICE_FAMILY = "1,2";
			};
			name = Release;
		};
/* End XCBuildConfiguration section */

/* Begin XCConfigurationList section */
		C82B7BEC216CFD0D0040F3ED /* Build configuration list for PBXProject "guessToWin" */ = {
			isa = XCConfigurationList;
			buildConfigurations = (
				C82B7C01216CFD0E0040F3ED /* Debug */,
				C82B7C02216CFD0E0040F3ED /* Release */,
			);
			defaultConfigurationIsVisible = 0;
			defaultConfigurationName = Release;
		};
		C82B7C03216CFD0E0040F3ED /* Build configuration list for PBXNativeTarget "guessToWin" */ = {
			isa = XCConfigurationList;
			buildConfigurations = (
				C82B7C04216CFD0E0040F3ED /* Debug */,
				C82B7C05216CFD0E0040F3ED /* Release */,
			);
			defaultConfigurationIsVisible = 0;
			defaultConfigurationName = Release;
		};
/* End XCConfigurationList section */
	};
	rootObject = C82B7BE9216CFD0D0040F3ED /* Project object */;
}
